// !$*UTF8*$!
{
	archiveVersion = 1;
	classes = {
	};
	objectVersion = 50;
	objects = {

/* Begin PBXBuildFile section */
		7950735725EE9E27005D0A87 /* Map_HackwichApp.swift in Sources */ = {isa = PBXBuildFile; fileRef = 7950735625EE9E27005D0A87 /* Map_HackwichApp.swift */; };
		7950735925EE9E27005D0A87 /* ContentView.swift in Sources */ = {isa = PBXBuildFile; fileRef = 7950735825EE9E27005D0A87 /* ContentView.swift */; };
		7950735B25EE9E28005D0A87 /* Assets.xcassets in Resources */ = {isa = PBXBuildFile; fileRef = 7950735A25EE9E28005D0A87 /* Assets.xcassets */; };
		7950735E25EE9E28005D0A87 /* Preview Assets.xcassets in Resources */ = {isa = PBXBuildFile; fileRef = 7950735D25EE9E28005D0A87 /* Preview Assets.xcassets */; };
		7950736925EE9E28005D0A87 /* Map_HackwichTests.swift in Sources */ = {isa = PBXBuildFile; fileRef = 7950736825EE9E28005D0A87 /* Map_HackwichTests.swift */; };
		7950737425EE9E28005D0A87 /* Map_HackwichUITests.swift in Sources */ = {isa = PBXBuildFile; fileRef = 7950737325EE9E28005D0A87 /* Map_HackwichUITests.swift */; };
/* End PBXBuildFile section */

/* Begin PBXContainerItemProxy section */
		7950736525EE9E28005D0A87 /* PBXContainerItemProxy */ = {
			isa = PBXContainerItemProxy;
			containerPortal = 7950734B25EE9E27005D0A87 /* Project object */;
			proxyType = 1;
			remoteGlobalIDString = 7950735225EE9E27005D0A87;
			remoteInfo = "Map Hackwich";
		};
		7950737025EE9E28005D0A87 /* PBXContainerItemProxy */ = {
			isa = PBXContainerItemProxy;
			containerPortal = 7950734B25EE9E27005D0A87 /* Project object */;
			proxyType = 1;
			remoteGlobalIDString = 7950735225EE9E27005D0A87;
			remoteInfo = "Map Hackwich";
		};
/* End PBXContainerItemProxy section */

/* Begin PBXFileReference section */
		7950735325EE9E27005D0A87 /* Map Hackwich.app */ = {isa = PBXFileReference; explicitFileType = wrapper.application; includeInIndex = 0; path = "Map Hackwich.app"; sourceTree = BUILT_PRODUCTS_DIR; };
		7950735625EE9E27005D0A87 /* Map_HackwichApp.swift */ = {isa = PBXFileReference; lastKnownFileType = sourcecode.swift; path = Map_HackwichApp.swift; sourceTree = "<group>"; };
		7950735825EE9E27005D0A87 /* ContentView.swift */ = {isa = PBXFileReference; lastKnownFileType = sourcecode.swift; path = ContentView.swift; sourceTree = "<group>"; };
		7950735A25EE9E28005D0A87 /* Assets.xcassets */ = {isa = PBXFileReference; lastKnownFileType = folder.assetcatalog; path = Assets.xcassets; sourceTree = "<group>"; };
		7950735D25EE9E28005D0A87 /* Preview Assets.xcassets */ = {isa = PBXFileReference; lastKnownFileType = folder.assetcatalog; path = "Preview Assets.xcassets"; sourceTree = "<group>"; };
		7950735F25EE9E28005D0A87 /* Info.plist */ = {isa = PBXFileReference; lastKnownFileType = text.plist.xml; path = Info.plist; sourceTree = "<group>"; };
		7950736425EE9E28005D0A87 /* Map HackwichTests.xctest */ = {isa = PBXFileReference; explicitFileType = wrapper.cfbundle; includeInIndex = 0; path = "Map HackwichTests.xctest"; sourceTree = BUILT_PRODUCTS_DIR; };
		7950736825EE9E28005D0A87 /* Map_HackwichTests.swift */ = {isa = PBXFileReference; lastKnownFileType = sourcecode.swift; path = Map_HackwichTests.swift; sourceTree = "<group>"; };
		7950736A25EE9E28005D0A87 /* Info.plist */ = {isa = PBXFileReference; lastKnownFileType = text.plist.xml; path = Info.plist; sourceTree = "<group>"; };
		7950736F25EE9E28005D0A87 /* Map HackwichUITests.xctest */ = {isa = PBXFileReference; explicitFileType = wrapper.cfbundle; includeInIndex = 0; path = "Map HackwichUITests.xctest"; sourceTree = BUILT_PRODUCTS_DIR; };
		7950737325EE9E28005D0A87 /* Map_HackwichUITests.swift */ = {isa = PBXFileReference; lastKnownFileType = sourcecode.swift; path = Map_HackwichUITests.swift; sourceTree = "<group>"; };
		7950737525EE9E28005D0A87 /* Info.plist */ = {isa = PBXFileReference; lastKnownFileType = text.plist.xml; path = Info.plist; sourceTree = "<group>"; };
/* End PBXFileReference section */

/* Begin PBXFrameworksBuildPhase section */
		7950735025EE9E27005D0A87 /* Frameworks */ = {
			isa = PBXFrameworksBuildPhase;
			buildActionMask = 2147483647;
			files = (
			);
			runOnlyForDeploymentPostprocessing = 0;
		};
		7950736125EE9E28005D0A87 /* Frameworks */ = {
			isa = PBXFrameworksBuildPhase;
			buildActionMask = 2147483647;
			files = (
			);
			runOnlyForDeploymentPostprocessing = 0;
		};
		7950736C25EE9E28005D0A87 /* Frameworks */ = {
			isa = PBXFrameworksBuildPhase;
			buildActionMask = 2147483647;
			files = (
			);
			runOnlyForDeploymentPostprocessing = 0;
		};
/* End PBXFrameworksBuildPhase section */

/* Begin PBXGroup section */
		7950734A25EE9E27005D0A87 = {
			isa = PBXGroup;
			children = (
				7950735525EE9E27005D0A87 /* Map Hackwich */,
				7950736725EE9E28005D0A87 /* Map HackwichTests */,
				7950737225EE9E28005D0A87 /* Map HackwichUITests */,
				7950735425EE9E27005D0A87 /* Products */,
			);
			sourceTree = "<group>";
		};
		7950735425EE9E27005D0A87 /* Products */ = {
			isa = PBXGroup;
			children = (
				7950735325EE9E27005D0A87 /* Map Hackwich.app */,
				7950736425EE9E28005D0A87 /* Map HackwichTests.xctest */,
				7950736F25EE9E28005D0A87 /* Map HackwichUITests.xctest */,
			);
			name = Products;
			sourceTree = "<group>";
		};
		7950735525EE9E27005D0A87 /* Map Hackwich */ = {
			isa = PBXGroup;
			children = (
				7950735625EE9E27005D0A87 /* Map_HackwichApp.swift */,
				7950735825EE9E27005D0A87 /* ContentView.swift */,
				7950735A25EE9E28005D0A87 /* Assets.xcassets */,
				7950735F25EE9E28005D0A87 /* Info.plist */,
				7950735C25EE9E28005D0A87 /* Preview Content */,
			);
			path = "Map Hackwich";
			sourceTree = "<group>";
		};
		7950735C25EE9E28005D0A87 /* Preview Content */ = {
			isa = PBXGroup;
			children = (
				7950735D25EE9E28005D0A87 /* Preview Assets.xcassets */,
			);
			path = "Preview Content";
			sourceTree = "<group>";
		};
		7950736725EE9E28005D0A87 /* Map HackwichTests */ = {
			isa = PBXGroup;
			children = (
				7950736825EE9E28005D0A87 /* Map_HackwichTests.swift */,
				7950736A25EE9E28005D0A87 /* Info.plist */,
			);
			path = "Map HackwichTests";
			sourceTree = "<group>";
		};
		7950737225EE9E28005D0A87 /* Map HackwichUITests */ = {
			isa = PBXGroup;
			children = (
				7950737325EE9E28005D0A87 /* Map_HackwichUITests.swift */,
				7950737525EE9E28005D0A87 /* Info.plist */,
			);
			path = "Map HackwichUITests";
			sourceTree = "<group>";
		};
/* End PBXGroup section */

/* Begin PBXNativeTarget section */
		7950735225EE9E27005D0A87 /* Map Hackwich */ = {
			isa = PBXNativeTarget;
			buildConfigurationList = 7950737825EE9E28005D0A87 /* Build configuration list for PBXNativeTarget "Map Hackwich" */;
			buildPhases = (
				7950734F25EE9E27005D0A87 /* Sources */,
				7950735025EE9E27005D0A87 /* Frameworks */,
				7950735125EE9E27005D0A87 /* Resources */,
			);
			buildRules = (
			);
			dependencies = (
			);
			name = "Map Hackwich";
			productName = "Map Hackwich";
			productReference = 7950735325EE9E27005D0A87 /* Map Hackwich.app */;
			productType = "com.apple.product-type.application";
		};
		7950736325EE9E28005D0A87 /* Map HackwichTests */ = {
			isa = PBXNativeTarget;
			buildConfigurationList = 7950737B25EE9E28005D0A87 /* Build configuration list for PBXNativeTarget "Map HackwichTests" */;
			buildPhases = (
				7950736025EE9E28005D0A87 /* Sources */,
				7950736125EE9E28005D0A87 /* Frameworks */,
				7950736225EE9E28005D0A87 /* Resources */,
			);
			buildRules = (
			);
			dependencies = (
				7950736625EE9E28005D0A87 /* PBXTargetDependency */,
			);
			name = "Map HackwichTests";
			productName = "Map HackwichTests";
			productReference = 7950736425EE9E28005D0A87 /* Map HackwichTests.xctest */;
			productType = "com.apple.product-type.bundle.unit-test";
		};
		7950736E25EE9E28005D0A87 /* Map HackwichUITests */ = {
			isa = PBXNativeTarget;
			buildConfigurationList = 7950737E25EE9E28005D0A87 /* Build configuration list for PBXNativeTarget "Map HackwichUITests" */;
			buildPhases = (
				7950736B25EE9E28005D0A87 /* Sources */,
				7950736C25EE9E28005D0A87 /* Frameworks */,
				7950736D25EE9E28005D0A87 /* Resources */,
			);
			buildRules = (
			);
			dependencies = (
				7950737125EE9E28005D0A87 /* PBXTargetDependency */,
			);
			name = "Map HackwichUITests";
			productName = "Map HackwichUITests";
			productReference = 7950736F25EE9E28005D0A87 /* Map HackwichUITests.xctest */;
			productType = "com.apple.product-type.bundle.ui-testing";
		};
/* End PBXNativeTarget section */

/* Begin PBXProject section */
		7950734B25EE9E27005D0A87 /* Project object */ = {
			isa = PBXProject;
			attributes = {
				LastSwiftUpdateCheck = 1240;
				LastUpgradeCheck = 1240;
				TargetAttributes = {
					7950735225EE9E27005D0A87 = {
						CreatedOnToolsVersion = 12.4;
					};
					7950736325EE9E28005D0A87 = {
						CreatedOnToolsVersion = 12.4;
						TestTargetID = 7950735225EE9E27005D0A87;
					};
					7950736E25EE9E28005D0A87 = {
						CreatedOnToolsVersion = 12.4;
						TestTargetID = 7950735225EE9E27005D0A87;
					};
				};
			};
			buildConfigurationList = 7950734E25EE9E27005D0A87 /* Build configuration list for PBXProject "Map Hackwich" */;
			compatibilityVersion = "Xcode 9.3";
			developmentRegion = en;
			hasScannedForEncodings = 0;
			knownRegions = (
				en,
				Base,
			);
			mainGroup = 7950734A25EE9E27005D0A87;
			productRefGroup = 7950735425EE9E27005D0A87 /* Products */;
			projectDirPath = "";
			projectRoot = "";
			targets = (
				7950735225EE9E27005D0A87 /* Map Hackwich */,
				7950736325EE9E28005D0A87 /* Map HackwichTests */,
				7950736E25EE9E28005D0A87 /* Map HackwichUITests */,
			);
		};
/* End PBXProject section */

/* Begin PBXResourcesBuildPhase section */
		7950735125EE9E27005D0A87 /* Resources */ = {
			isa = PBXResourcesBuildPhase;
			buildActionMask = 2147483647;
			files = (
				7950735E25EE9E28005D0A87 /* Preview Assets.xcassets in Resources */,
				7950735B25EE9E28005D0A87 /* Assets.xcassets in Resources */,
			);
			runOnlyForDeploymentPostprocessing = 0;
		};
		7950736225EE9E28005D0A87 /* Resources */ = {
			isa = PBXResourcesBuildPhase;
			buildActionMask = 2147483647;
			files = (
			);
			runOnlyForDeploymentPostprocessing = 0;
		};
		7950736D25EE9E28005D0A87 /* Resources */ = {
			isa = PBXResourcesBuildPhase;
			buildActionMask = 2147483647;
			files = (
			);
			runOnlyForDeploymentPostprocessing = 0;
		};
/* End PBXResourcesBuildPhase section */

/* Begin PBXSourcesBuildPhase section */
		7950734F25EE9E27005D0A87 /* Sources */ = {
			isa = PBXSourcesBuildPhase;
			buildActionMask = 2147483647;
			files = (
				7950735925EE9E27005D0A87 /* ContentView.swift in Sources */,
				7950735725EE9E27005D0A87 /* Map_HackwichApp.swift in Sources */,
			);
			runOnlyForDeploymentPostprocessing = 0;
		};
		7950736025EE9E28005D0A87 /* Sources */ = {
			isa = PBXSourcesBuildPhase;
			buildActionMask = 2147483647;
			files = (
				7950736925EE9E28005D0A87 /* Map_HackwichTests.swift in Sources */,
			);
			runOnlyForDeploymentPostprocessing = 0;
		};
		7950736B25EE9E28005D0A87 /* Sources */ = {
			isa = PBXSourcesBuildPhase;
			buildActionMask = 2147483647;
			files = (
				7950737425EE9E28005D0A87 /* Map_HackwichUITests.swift in Sources */,
			);
			runOnlyForDeploymentPostprocessing = 0;
		};
/* End PBXSourcesBuildPhase section */

/* Begin PBXTargetDependency section */
		7950736625EE9E28005D0A87 /* PBXTargetDependency */ = {
			isa = PBXTargetDependency;
			target = 7950735225EE9E27005D0A87 /* Map Hackwich */;
			targetProxy = 7950736525EE9E28005D0A87 /* PBXContainerItemProxy */;
		};
		7950737125EE9E28005D0A87 /* PBXTargetDependency */ = {
			isa = PBXTargetDependency;
			target = 7950735225EE9E27005D0A87 /* Map Hackwich */;
			targetProxy = 7950737025EE9E28005D0A87 /* PBXContainerItemProxy */;
		};
/* End PBXTargetDependency section */

/* Begin XCBuildConfiguration section */
		7950737625EE9E28005D0A87 /* Debug */ = {
			isa = XCBuildConfiguration;
			buildSettings = {
				ALWAYS_SEARCH_USER_PATHS = NO;
				CLANG_ANALYZER_NONNULL = YES;
				CLANG_ANALYZER_NUMBER_OBJECT_CONVERSION = YES_AGGRESSIVE;
				CLANG_CXX_LANGUAGE_STANDARD = "gnu++14";
				CLANG_CXX_LIBRARY = "libc++";
				CLANG_ENABLE_MODULES = YES;
				CLANG_ENABLE_OBJC_ARC = YES;
				CLANG_ENABLE_OBJC_WEAK = YES;
				CLANG_WARN_BLOCK_CAPTURE_AUTORELEASING = YES;
				CLANG_WARN_BOOL_CONVERSION = YES;
				CLANG_WARN_COMMA = YES;
				CLANG_WARN_CONSTANT_CONVERSION = YES;
				CLANG_WARN_DEPRECATED_OBJC_IMPLEMENTATIONS = YES;
				CLANG_WARN_DIRECT_OBJC_ISA_USAGE = YES_ERROR;
				CLANG_WARN_DOCUMENTATION_COMMENTS = YES;
				CLANG_WARN_EMPTY_BODY = YES;
				CLANG_WARN_ENUM_CONVERSION = YES;
				CLANG_WARN_INFINITE_RECURSION = YES;
				CLANG_WARN_INT_CONVERSION = YES;
				CLANG_WARN_NON_LITERAL_NULL_CONVERSION = YES;
				CLANG_WARN_OBJC_IMPLICIT_RETAIN_SELF = YES;
				CLANG_WARN_OBJC_LITERAL_CONVERSION = YES;
				CLANG_WARN_OBJC_ROOT_CLASS = YES_ERROR;
				CLANG_WARN_QUOTED_INCLUDE_IN_FRAMEWORK_HEADER = YES;
				CLANG_WARN_RANGE_LOOP_ANALYSIS = YES;
				CLANG_WARN_STRICT_PROTOTYPES = YES;
				CLANG_WARN_SUSPICIOUS_MOVE = YES;
				CLANG_WARN_UNGUARDED_AVAILABILITY = YES_AGGRESSIVE;
				CLANG_WARN_UNREACHABLE_CODE = YES;
				CLANG_WARN__DUPLICATE_METHOD_MATCH = YES;
				COPY_PHASE_STRIP = NO;
				DEBUG_INFORMATION_FORMAT = dwarf;
				ENABLE_STRICT_OBJC_MSGSEND = YES;
				ENABLE_TESTABILITY = YES;
				GCC_C_LANGUAGE_STANDARD = gnu11;
				GCC_DYNAMIC_NO_PIC = NO;
				GCC_NO_COMMON_BLOCKS = YES;
				GCC_OPTIMIZATION_LEVEL = 0;
				GCC_PREPROCESSOR_DEFINITIONS = (
					"DEBUG=1",
					"$(inherited)",
				);
				GCC_WARN_64_TO_32_BIT_CONVERSION = YES;
				GCC_WARN_ABOUT_RETURN_TYPE = YES_ERROR;
				GCC_WARN_UNDECLARED_SELECTOR = YES;
				GCC_WARN_UNINITIALIZED_AUTOS = YES_AGGRESSIVE;
				GCC_WARN_UNUSED_FUNCTION = YES;
				GCC_WARN_UNUSED_VARIABLE = YES;
				IPHONEOS_DEPLOYMENT_TARGET = 14.4;
				MTL_ENABLE_DEBUG_INFO = INCLUDE_SOURCE;
				MTL_FAST_MATH = YES;
				ONLY_ACTIVE_ARCH = YES;
				SDKROOT = iphoneos;
				SWIFT_ACTIVE_COMPILATION_CONDITIONS = DEBUG;
				SWIFT_OPTIMIZATION_LEVEL = "-Onone";
			};
			name = Debug;
		};
		7950737725EE9E28005D0A87 /* Release */ = {
			isa = XCBuildConfiguration;
			buildSettings = {
				ALWAYS_SEARCH_USER_PATHS = NO;
				CLANG_ANALYZER_NONNULL = YES;
				CLANG_ANALYZER_NUMBER_OBJECT_CONVERSION = YES_AGGRESSIVE;
				CLANG_CXX_LANGUAGE_STANDARD = "gnu++14";
				CLANG_CXX_LIBRARY = "libc++";
				CLANG_ENABLE_MODULES = YES;
				CLANG_ENABLE_OBJC_ARC = YES;
				CLANG_ENABLE_OBJC_WEAK = YES;
				CLANG_WARN_BLOCK_CAPTURE_AUTORELEASING = YES;
				CLANG_WARN_BOOL_CONVERSION = YES;
				CLANG_WARN_COMMA = YES;
				CLANG_WARN_CONSTANT_CONVERSION = YES;
				CLANG_WARN_DEPRECATED_OBJC_IMPLEMENTATIONS = YES;
				CLANG_WARN_DIRECT_OBJC_ISA_USAGE = YES_ERROR;
				CLANG_WARN_DOCUMENTATION_COMMENTS = YES;
				CLANG_WARN_EMPTY_BODY = YES;
				CLANG_WARN_ENUM_CONVERSION = YES;
				CLANG_WARN_INFINITE_RECURSION = YES;
				CLANG_WARN_INT_CONVERSION = YES;
				CLANG_WARN_NON_LITERAL_NULL_CONVERSION = YES;
				CLANG_WARN_OBJC_IMPLICIT_RETAIN_SELF = YES;
				CLANG_WARN_OBJC_LITERAL_CONVERSION = YES;
				CLANG_WARN_OBJC_ROOT_CLASS = YES_ERROR;
				CLANG_WARN_QUOTED_INCLUDE_IN_FRAMEWORK_HEADER = YES;
				CLANG_WARN_RANGE_LOOP_ANALYSIS = YES;
				CLANG_WARN_STRICT_PROTOTYPES = YES;
				CLANG_WARN_SUSPICIOUS_MOVE = YES;
				CLANG_WARN_UNGUARDED_AVAILABILITY = YES_AGGRESSIVE;
				CLANG_WARN_UNREACHABLE_CODE = YES;
				CLANG_WARN__DUPLICATE_METHOD_MATCH = YES;
				COPY_PHASE_STRIP = NO;
				DEBUG_INFORMATION_FORMAT = "dwarf-with-dsym";
				ENABLE_NS_ASSERTIONS = NO;
				ENABLE_STRICT_OBJC_MSGSEND = YES;
				GCC_C_LANGUAGE_STANDARD = gnu11;
				GCC_NO_COMMON_BLOCKS = YES;
				GCC_WARN_64_TO_32_BIT_CONVERSION = YES;
				GCC_WARN_ABOUT_RETURN_TYPE = YES_ERROR;
				GCC_WARN_UNDECLARED_SELECTOR = YES;
				GCC_WARN_UNINITIALIZED_AUTOS = YES_AGGRESSIVE;
				GCC_WARN_UNUSED_FUNCTION = YES;
				GCC_WARN_UNUSED_VARIABLE = YES;
				IPHONEOS_DEPLOYMENT_TARGET = 14.4;
				MTL_ENABLE_DEBUG_INFO = NO;
				MTL_FAST_MATH = YES;
				SDKROOT = iphoneos;
				SWIFT_COMPILATION_MODE = wholemodule;
				SWIFT_OPTIMIZATION_LEVEL = "-O";
				VALIDATE_PRODUCT = YES;
			};
			name = Release;
		};
		7950737925EE9E28005D0A87 /* Debug */ = {
			isa = XCBuildConfiguration;
			buildSettings = {
				ASSETCATALOG_COMPILER_APPICON_NAME = AppIcon;
				ASSETCATALOG_COMPILER_GLOBAL_ACCENT_COLOR_NAME = AccentColor;
				CODE_SIGN_STYLE = Automatic;
				DEVELOPMENT_ASSET_PATHS = "\"Map Hackwich/Preview Content\"";
				ENABLE_PREVIEWS = YES;
				INFOPLIST_FILE = "Map Hackwich/Info.plist";
				IPHONEOS_DEPLOYMENT_TARGET = 14.0;
				LD_RUNPATH_SEARCH_PATHS = (
					"$(inherited)",
					"@executable_path/Frameworks",
				);
				PRODUCT_BUNDLE_IDENTIFIER = "kevinrosas.Map-Hackwich";
				PRODUCT_NAME = "$(TARGET_NAME)";
				SWIFT_VERSION = 5.0;
				TARGETED_DEVICE_FAMILY = "1,2";
			};
			name = Debug;
		};
		7950737A25EE9E28005D0A87 /* Release */ = {
			isa = XCBuildConfiguration;
			buildSettings = {
				ASSETCATALOG_COMPILER_APPICON_NAME = AppIcon;
				ASSETCATALOG_COMPILER_GLOBAL_ACCENT_COLOR_NAME = AccentColor;
				CODE_SIGN_STYLE = Automatic;
				DEVELOPMENT_ASSET_PATHS = "\"Map Hackwich/Preview Content\"";
				ENABLE_PREVIEWS = YES;
				INFOPLIST_FILE = "Map Hackwich/Info.plist";
				IPHONEOS_DEPLOYMENT_TARGET = 14.0;
				LD_RUNPATH_SEARCH_PATHS = (
					"$(inherited)",
					"@executable_path/Frameworks",
				);
				PRODUCT_BUNDLE_IDENTIFIER = "kevinrosas.Map-Hackwich";
				PRODUCT_NAME = "$(TARGET_NAME)";
				SWIFT_VERSION = 5.0;
				TARGETED_DEVICE_FAMILY = "1,2";
			};
			name = Release;
		};
		7950737C25EE9E28005D0A87 /* Debug */ = {
			isa = XCBuildConfiguration;
			buildSettings = {
				ALWAYS_EMBED_SWIFT_STANDARD_LIBRARIES = YES;
				BUNDLE_LOADER = "$(TEST_HOST)";
				CODE_SIGN_STYLE = Automatic;
				INFOPLIST_FILE = "Map HackwichTests/Info.plist";
				IPHONEOS_DEPLOYMENT_TARGET = 14.0;
				LD_RUNPATH_SEARCH_PATHS = (
					"$(inherited)",
					"@executable_path/Frameworks",
					"@loader_path/Frameworks",
				);
				PRODUCT_BUNDLE_IDENTIFIER = "kevinrosas.Map-HackwichTests";
				PRODUCT_NAME = "$(TARGET_NAME)";
				SWIFT_VERSION = 5.0;
				TARGETED_DEVICE_FAMILY = "1,2";
				TEST_HOST = "$(BUILT_PRODUCTS_DIR)/Map Hackwich.app/Map Hackwich";
			};
			name = Debug;
		};
		7950737D25EE9E28005D0A87 /* Release */ = {
			isa = XCBuildConfiguration;
			buildSettings = {
				ALWAYS_EMBED_SWIFT_STANDARD_LIBRARIES = YES;
				BUNDLE_LOADER = "$(TEST_HOST)";
				CODE_SIGN_STYLE = Automatic;
				INFOPLIST_FILE = "Map HackwichTests/Info.plist";
				IPHONEOS_DEPLOYMENT_TARGET = 14.0;
				LD_RUNPATH_SEARCH_PATHS = (
					"$(inherited)",
					"@executable_path/Frameworks",
					"@loader_path/Frameworks",
				);
				PRODUCT_BUNDLE_IDENTIFIER = "kevinrosas.Map-HackwichTests";
				PRODUCT_NAME = "$(TARGET_NAME)";
				SWIFT_VERSION = 5.0;
				TARGETED_DEVICE_FAMILY = "1,2";
				TEST_HOST = "$(BUILT_PRODUCTS_DIR)/Map Hackwich.app/Map Hackwich";
			};
			name = Release;
		};
		7950737F25EE9E28005D0A87 /* Debug */ = {
			isa = XCBuildConfiguration;
			buildSettings = {
				ALWAYS_EMBED_SWIFT_STANDARD_LIBRARIES = YES;
				CODE_SIGN_STYLE = Automatic;
				INFOPLIST_FILE = "Map HackwichUITests/Info.plist";
				LD_RUNPATH_SEARCH_PATHS = (
					"$(inherited)",
					"@executable_path/Frameworks",
					"@loader_path/Frameworks",
				);
				PRODUCT_BUNDLE_IDENTIFIER = "kevinrosas.Map-HackwichUITests";
				PRODUCT_NAME = "$(TARGET_NAME)";
				SWIFT_VERSION = 5.0;
				TARGETED_DEVICE_FAMILY = "1,2";
				TEST_TARGET_NAME = "Map Hackwich";
			};
			name = Debug;
		};
		7950738025EE9E28005D0A87 /* Release */ = {
			isa = XCBuildConfiguration;
			buildSettings = {
				ALWAYS_EMBED_SWIFT_STANDARD_LIBRARIES = YES;
				CODE_SIGN_STYLE = Automatic;
				INFOPLIST_FILE = "Map HackwichUITests/Info.plist";
				LD_RUNPATH_SEARCH_PATHS = (
					"$(inherited)",
					"@executable_path/Frameworks",
					"@loader_path/Frameworks",
				);
				PRODUCT_BUNDLE_IDENTIFIER = "kevinrosas.Map-HackwichUITests";
				PRODUCT_NAME = "$(TARGET_NAME)";
				SWIFT_VERSION = 5.0;
				TARGETED_DEVICE_FAMILY = "1,2";
				TEST_TARGET_NAME = "Map Hackwich";
			};
			name = Release;
		};
/* End XCBuildConfiguration section */

/* Begin XCConfigurationList section */
		7950734E25EE9E27005D0A87 /* Build configuration list for PBXProject "Map Hackwich" */ = {
			isa = XCConfigurationList;
			buildConfigurations = (
				7950737625EE9E28005D0A87 /* Debug */,
				7950737725EE9E28005D0A87 /* Release */,
			);
			defaultConfigurationIsVisible = 0;
			defaultConfigurationName = Release;
		};
		7950737825EE9E28005D0A87 /* Build configuration list for PBXNativeTarget "Map Hackwich" */ = {
			isa = XCConfigurationList;
			buildConfigurations = (
				7950737925EE9E28005D0A87 /* Debug */,
				7950737A25EE9E28005D0A87 /* Release */,
			);
			defaultConfigurationIsVisible = 0;
			defaultConfigurationName = Release;
		};
		7950737B25EE9E28005D0A87 /* Build configuration list for PBXNativeTarget "Map HackwichTests" */ = {
			isa = XCConfigurationList;
			buildConfigurations = (
				7950737C25EE9E28005D0A87 /* Debug */,
				7950737D25EE9E28005D0A87 /* Release */,
			);
			defaultConfigurationIsVisible = 0;
			defaultConfigurationName = Release;
		};
		7950737E25EE9E28005D0A87 /* Build configuration list for PBXNativeTarget "Map HackwichUITests" */ = {
			isa = XCConfigurationList;
			buildConfigurations = (
				7950737F25EE9E28005D0A87 /* Debug */,
				7950738025EE9E28005D0A87 /* Release */,
			);
			defaultConfigurationIsVisible = 0;
			defaultConfigurationName = Release;
		};
/* End XCConfigurationList section */
	};
	rootObject = 7950734B25EE9E27005D0A87 /* Project object */;
}
